{
  "name": "server",
  "lockfileVersion": 3,
  "requires": true,
  "packages": {
    "": {
      "dependencies": {
        "dyslearnai-server": "file:.."
      }
    },
    "..": {
      "name": "dyslearnai-server",
      "version": "0.0.0",
      "dependencies": {
        "cors": "^2.8.5",
        "express": "^4.18.2",
        "multer": "^1.4.5",
        "pdf-parse": "^1.1.1"
      },
      "devDependencies": {
        "nodemon": "^2.0.22"
      }
    },
    "node_modules/dyslearnai-server": {
      "resolved": "..",
      "link": true
    }
  }
}
